
Microsoft Visual Studio Solution File, Format Version 12.00
# Visual Studio Version 16
VisualStudioVersion = 16.0.32510.428
MinimumVisualStudioVersion = 10.0.40219.1
Project("{FAE04EC0-301F-11D3-BF4B-00C04F79EFBC}") = "DroneController.API", "DroneController\DroneController.API.csproj", "{D401C462-DBA0-438D-8C14-2DA5B0E8F522}"
EndProject
Project("{FAE04EC0-301F-11D3-BF4B-00C04F79EFBC}") = "DroneController.DA", "DroneController.DA\DroneController.DA.csproj", "{06F2CF54-8BF2-44F7-95F6-6361E43D6716}"
EndProject
Project("{FAE04EC0-301F-11D3-BF4B-00C04F79EFBC}") = "DroneController.DL", "DroneController.DL\DroneController.DL.csproj", "{645F4B64-B5E4-4395-89CB-B1D4C47D27F8}"
EndProject
Global
	GlobalSection(SolutionConfigurationPlatforms) = preSolution
		Debug|Any CPU = Debug|Any CPU
		Release|Any CPU = Release|Any CPU
	EndGlobalSection
	GlobalSection(ProjectConfigurationPlatforms) = postSolution
		{D401C462-DBA0-438D-8C14-2DA5B0E8F522}.Debug|Any CPU.ActiveCfg = Debug|Any CPU
		{D401C462-DBA0-438D-8C14-2DA5B0E8F522}.Debug|Any CPU.Build.0 = Debug|Any CPU
		{D401C462-DBA0-438D-8C14-2DA5B0E8F522}.Release|Any CPU.ActiveCfg = Release|Any CPU
		{D401C462-DBA0-438D-8C14-2DA5B0E8F522}.Release|Any CPU.Build.0 = Release|Any CPU
		{06F2CF54-8BF2-44F7-95F6-6361E43D6716}.Debug|Any CPU.ActiveCfg = Debug|Any CPU
		{06F2CF54-8BF2-44F7-95F6-6361E43D6716}.Debug|Any CPU.Build.0 = Debug|Any CPU
		{06F2CF54-8BF2-44F7-95F6-6361E43D6716}.Release|Any CPU.ActiveCfg = Release|Any CPU
		{06F2CF54-8BF2-44F7-95F6-6361E43D6716}.Release|Any CPU.Build.0 = Release|Any CPU
		{645F4B64-B5E4-4395-89CB-B1D4C47D27F8}.Debug|Any CPU.ActiveCfg = Debug|Any CPU
		{645F4B64-B5E4-4395-89CB-B1D4C47D27F8}.Debug|Any CPU.Build.0 = Debug|Any CPU
		{645F4B64-B5E4-4395-89CB-B1D4C47D27F8}.Release|Any CPU.ActiveCfg = Release|Any CPU
		{645F4B64-B5E4-4395-89CB-B1D4C47D27F8}.Release|Any CPU.Build.0 = Release|Any CPU
	EndGlobalSection
	GlobalSection(SolutionProperties) = preSolution
		HideSolutionNode = FALSE
	EndGlobalSection
	GlobalSection(ExtensibilityGlobals) = postSolution
		SolutionGuid = {CB61952B-2E31-443D-ACD5-B23D64E265BB}
	EndGlobalSection
EndGlobal
